
Microsoft Visual Studio Solution File, Format Version 11.00
# Visual Studio 2010
Project("{8BC9CEB8-8B4A-11D0-8D11-00A0C91BC942}") = "Screensaver", "Screensaver\Screensaver.vcxproj", "{744F2E3F-F422-4B74-A62E-7FBB97550A78}"
EndProject
Global
	GlobalSection(SolutionConfigurationPlatforms) = preSolution
		Debug|Win32 = Debug|Win32
		Release|Win32 = Release|Win32
	EndGlobalSection
	GlobalSection(ProjectConfigurationPlatforms) = postSolution
		{744F2E3F-F422-4B74-A62E-7FBB97550A78}.Debug|Win32.ActiveCfg = Debug|Win32
		{744F2E3F-F422-4B74-A62E-7FBB97550A78}.Debug|Win32.Build.0 = Debug|Win32
		{744F2E3F-F422-4B74-A62E-7FBB97550A78}.Release|Win32.ActiveCfg = Release|Win32
		{744F2E3F-F422-4B74-A62E-7FBB97550A78}.Release|Win32.Build.0 = Release|Win32
	EndGlobalSection
	GlobalSection(SolutionProperties) = preSolution
		HideSolutionNode = FALSE
	EndGlobalSection
EndGlobal
